// !$*UTF8*$!
{
	archiveVersion = 1;
	classes = {
	};
	objectVersion = 55;
	objects = {

/* Begin PBXBuildFile section */
		6CA4198B27E4B98100B130F1 /* APICaller.swift in Sources */ = {isa = PBXBuildFile; fileRef = 6CA4198A27E4B98100B130F1 /* APICaller.swift */; };
		6CA4198D27E4D2A400B130F1 /* Movie.swift in Sources */ = {isa = PBXBuildFile; fileRef = 6CA4198C27E4D2A400B130F1 /* Movie.swift */; };
		6CA4198F27E51D0B00B130F1 /* Extensions.swift in Sources */ = {isa = PBXBuildFile; fileRef = 6CA4198E27E51D0B00B130F1 /* Extensions.swift */; };
		6CA4199327E53EAE00B130F1 /* TitleCollectionViewCell.swift in Sources */ = {isa = PBXBuildFile; fileRef = 6CA4199227E53EAE00B130F1 /* TitleCollectionViewCell.swift */; };
		6CA4199627E5403300B130F1 /* SDWebImage in Frameworks */ = {isa = PBXBuildFile; productRef = 6CA4199527E5403300B130F1 /* SDWebImage */; };
		6CA4199827E5403300B130F1 /* SDWebImageMapKit in Frameworks */ = {isa = PBXBuildFile; productRef = 6CA4199727E5403300B130F1 /* SDWebImageMapKit */; };
		6CD7706927D39BA800196F54 /* AppDelegate.swift in Sources */ = {isa = PBXBuildFile; fileRef = 6CD7706827D39BA800196F54 /* AppDelegate.swift */; };
		6CD7706B27D39BA800196F54 /* SceneDelegate.swift in Sources */ = {isa = PBXBuildFile; fileRef = 6CD7706A27D39BA800196F54 /* SceneDelegate.swift */; };
		6CD7706D27D39BA800196F54 /* MainTabBarViewController.swift in Sources */ = {isa = PBXBuildFile; fileRef = 6CD7706C27D39BA800196F54 /* MainTabBarViewController.swift */; };
		6CD7707227D39BA900196F54 /* Assets.xcassets in Resources */ = {isa = PBXBuildFile; fileRef = 6CD7707127D39BA900196F54 /* Assets.xcassets */; };
		6CD7707527D39BA900196F54 /* LaunchScreen.storyboard in Resources */ = {isa = PBXBuildFile; fileRef = 6CD7707327D39BA900196F54 /* LaunchScreen.storyboard */; };
		6CD7707E27D39E6E00196F54 /* HomeViewController.swift in Sources */ = {isa = PBXBuildFile; fileRef = 6CD7707D27D39E6E00196F54 /* HomeViewController.swift */; };
		6CD7708027D39E9900196F54 /* UpcomingViewController.swift in Sources */ = {isa = PBXBuildFile; fileRef = 6CD7707F27D39E9900196F54 /* UpcomingViewController.swift */; };
		6CD7708227D39ECF00196F54 /* SearchViewController.swift in Sources */ = {isa = PBXBuildFile; fileRef = 6CD7708127D39ECF00196F54 /* SearchViewController.swift */; };
		6CD7708427D39EEC00196F54 /* DownloadsViewController.swift in Sources */ = {isa = PBXBuildFile; fileRef = 6CD7708327D39EEC00196F54 /* DownloadsViewController.swift */; };
		6CD7708B27D3CE5D00196F54 /* CollectionViewTableViewCell.swift in Sources */ = {isa = PBXBuildFile; fileRef = 6CD7708A27D3CE5D00196F54 /* CollectionViewTableViewCell.swift */; };
		6CD7708D27D3FB3D00196F54 /* HeroHeaderUIView.swift in Sources */ = {isa = PBXBuildFile; fileRef = 6CD7708C27D3FB3D00196F54 /* HeroHeaderUIView.swift */; };
/* End PBXBuildFile section */

/* Begin PBXFileReference section */
		6CA4198A27E4B98100B130F1 /* APICaller.swift */ = {isa = PBXFileReference; lastKnownFileType = sourcecode.swift; path = APICaller.swift; sourceTree = "<group>"; };
		6CA4198C27E4D2A400B130F1 /* Movie.swift */ = {isa = PBXFileReference; lastKnownFileType = sourcecode.swift; path = Movie.swift; sourceTree = "<group>"; };
		6CA4198E27E51D0B00B130F1 /* Extensions.swift */ = {isa = PBXFileReference; lastKnownFileType = sourcecode.swift; path = Extensions.swift; sourceTree = "<group>"; };
		6CA4199227E53EAE00B130F1 /* TitleCollectionViewCell.swift */ = {isa = PBXFileReference; lastKnownFileType = sourcecode.swift; path = TitleCollectionViewCell.swift; sourceTree = "<group>"; };
		6CD7706527D39BA800196F54 /* NetflixClone.app */ = {isa = PBXFileReference; explicitFileType = wrapper.application; includeInIndex = 0; path = NetflixClone.app; sourceTree = BUILT_PRODUCTS_DIR; };
		6CD7706827D39BA800196F54 /* AppDelegate.swift */ = {isa = PBXFileReference; lastKnownFileType = sourcecode.swift; path = AppDelegate.swift; sourceTree = "<group>"; };
		6CD7706A27D39BA800196F54 /* SceneDelegate.swift */ = {isa = PBXFileReference; lastKnownFileType = sourcecode.swift; path = SceneDelegate.swift; sourceTree = "<group>"; };
		6CD7706C27D39BA800196F54 /* MainTabBarViewController.swift */ = {isa = PBXFileReference; lastKnownFileType = sourcecode.swift; path = MainTabBarViewController.swift; sourceTree = "<group>"; };
		6CD7707127D39BA900196F54 /* Assets.xcassets */ = {isa = PBXFileReference; lastKnownFileType = folder.assetcatalog; path = Assets.xcassets; sourceTree = "<group>"; };
		6CD7707427D39BA900196F54 /* Base */ = {isa = PBXFileReference; lastKnownFileType = file.storyboard; name = Base; path = Base.lproj/LaunchScreen.storyboard; sourceTree = "<group>"; };
		6CD7707627D39BA900196F54 /* Info.plist */ = {isa = PBXFileReference; lastKnownFileType = text.plist.xml; path = Info.plist; sourceTree = "<group>"; };
		6CD7707D27D39E6E00196F54 /* HomeViewController.swift */ = {isa = PBXFileReference; lastKnownFileType = sourcecode.swift; path = HomeViewController.swift; sourceTree = "<group>"; };
		6CD7707F27D39E9900196F54 /* UpcomingViewController.swift */ = {isa = PBXFileReference; lastKnownFileType = sourcecode.swift; path = UpcomingViewController.swift; sourceTree = "<group>"; };
		6CD7708127D39ECF00196F54 /* SearchViewController.swift */ = {isa = PBXFileReference; lastKnownFileType = sourcecode.swift; path = SearchViewController.swift; sourceTree = "<group>"; };
		6CD7708327D39EEC00196F54 /* DownloadsViewController.swift */ = {isa = PBXFileReference; lastKnownFileType = sourcecode.swift; path = DownloadsViewController.swift; sourceTree = "<group>"; };
		6CD7708A27D3CE5D00196F54 /* CollectionViewTableViewCell.swift */ = {isa = PBXFileReference; lastKnownFileType = sourcecode.swift; path = CollectionViewTableViewCell.swift; sourceTree = "<group>"; };
		6CD7708C27D3FB3D00196F54 /* HeroHeaderUIView.swift */ = {isa = PBXFileReference; lastKnownFileType = sourcecode.swift; path = HeroHeaderUIView.swift; sourceTree = "<group>"; };
/* End PBXFileReference section */

/* Begin PBXFrameworksBuildPhase section */
		6CD7706227D39BA800196F54 /* Frameworks */ = {
			isa = PBXFrameworksBuildPhase;
			buildActionMask = 2147483647;
			files = (
				6CA4199827E5403300B130F1 /* SDWebImageMapKit in Frameworks */,
				6CA4199627E5403300B130F1 /* SDWebImage in Frameworks */,
			);
			runOnlyForDeploymentPostprocessing = 0;
		};
/* End PBXFrameworksBuildPhase section */

/* Begin PBXGroup section */
		6CD7705C27D39BA800196F54 = {
			isa = PBXGroup;
			children = (
				6CD7706727D39BA800196F54 /* NetflixClone */,
				6CD7706627D39BA800196F54 /* Products */,
			);
			sourceTree = "<group>";
		};
		6CD7706627D39BA800196F54 /* Products */ = {
			isa = PBXGroup;
			children = (
				6CD7706527D39BA800196F54 /* NetflixClone.app */,
			);
			name = Products;
			sourceTree = "<group>";
		};
		6CD7706727D39BA800196F54 /* NetflixClone */ = {
			isa = PBXGroup;
			children = (
				6CD7708927D3CE3600196F54 /* Managers */,
				6CD7708827D3CE2B00196F54 /* Resources */,
				6CD7708727D3CE1E00196F54 /* Models */,
				6CD7708627D3CE1200196F54 /* ViewModels */,
				6CD7708527D3CE0700196F54 /* Views */,
				6CD7707C27D39E0300196F54 /* Controllers */,
				6CD7707127D39BA900196F54 /* Assets.xcassets */,
				6CD7706827D39BA800196F54 /* AppDelegate.swift */,
				6CD7706A27D39BA800196F54 /* SceneDelegate.swift */,
				6CD7707327D39BA900196F54 /* LaunchScreen.storyboard */,
				6CD7707627D39BA900196F54 /* Info.plist */,
			);
			path = NetflixClone;
			sourceTree = "<group>";
		};
		6CD7707C27D39E0300196F54 /* Controllers */ = {
			isa = PBXGroup;
			children = (
				6CD7706C27D39BA800196F54 /* MainTabBarViewController.swift */,
				6CD7707D27D39E6E00196F54 /* HomeViewController.swift */,
				6CD7707F27D39E9900196F54 /* UpcomingViewController.swift */,
				6CD7708127D39ECF00196F54 /* SearchViewController.swift */,
				6CD7708327D39EEC00196F54 /* DownloadsViewController.swift */,
			);
			path = Controllers;
			sourceTree = "<group>";
		};
		6CD7708527D3CE0700196F54 /* Views */ = {
			isa = PBXGroup;
			children = (
				6CD7708A27D3CE5D00196F54 /* CollectionViewTableViewCell.swift */,
				6CD7708C27D3FB3D00196F54 /* HeroHeaderUIView.swift */,
				6CA4199227E53EAE00B130F1 /* TitleCollectionViewCell.swift */,
			);
			path = Views;
			sourceTree = "<group>";
		};
		6CD7708627D3CE1200196F54 /* ViewModels */ = {
			isa = PBXGroup;
			children = (
			);
			path = ViewModels;
			sourceTree = "<group>";
		};
		6CD7708727D3CE1E00196F54 /* Models */ = {
			isa = PBXGroup;
			children = (
				6CA4198C27E4D2A400B130F1 /* Movie.swift */,
			);
			path = Models;
			sourceTree = "<group>";
		};
		6CD7708827D3CE2B00196F54 /* Resources */ = {
			isa = PBXGroup;
			children = (
				6CA4198E27E51D0B00B130F1 /* Extensions.swift */,
			);
			path = Resources;
			sourceTree = "<group>";
		};
		6CD7708927D3CE3600196F54 /* Managers */ = {
			isa = PBXGroup;
			children = (
				6CA4198A27E4B98100B130F1 /* APICaller.swift */,
			);
			path = Managers;
			sourceTree = "<group>";
		};
/* End PBXGroup section */

/* Begin PBXNativeTarget section */
		6CD7706427D39BA800196F54 /* NetflixClone */ = {
			isa = PBXNativeTarget;
			buildConfigurationList = 6CD7707927D39BA900196F54 /* Build configuration list for PBXNativeTarget "NetflixClone" */;
			buildPhases = (
				6CD7706127D39BA800196F54 /* Sources */,
				6CD7706227D39BA800196F54 /* Frameworks */,
				6CD7706327D39BA800196F54 /* Resources */,
			);
			buildRules = (
			);
			dependencies = (
			);
			name = NetflixClone;
			packageProductDependencies = (
				6CA4199527E5403300B130F1 /* SDWebImage */,
				6CA4199727E5403300B130F1 /* SDWebImageMapKit */,
			);
			productName = NetflixClone;
			productReference = 6CD7706527D39BA800196F54 /* NetflixClone.app */;
			productType = "com.apple.product-type.application";
		};
/* End PBXNativeTarget section */

/* Begin PBXProject section */
		6CD7705D27D39BA800196F54 /* Project object */ = {
			isa = PBXProject;
			attributes = {
				BuildIndependentTargetsInParallel = 1;
				LastSwiftUpdateCheck = 1320;
				LastUpgradeCheck = 1320;
				TargetAttributes = {
					6CD7706427D39BA800196F54 = {
						CreatedOnToolsVersion = 13.2.1;
					};
				};
			};
			buildConfigurationList = 6CD7706027D39BA800196F54 /* Build configuration list for PBXProject "NetflixClone" */;
			compatibilityVersion = "Xcode 13.0";
			developmentRegion = en;
			hasScannedForEncodings = 0;
			knownRegions = (
				en,
				Base,
			);
			mainGroup = 6CD7705C27D39BA800196F54;
			packageReferences = (
				6CA4199427E5403300B130F1 /* XCRemoteSwiftPackageReference "SDWebImage" */,
			);
			productRefGroup = 6CD7706627D39BA800196F54 /* Products */;
			projectDirPath = "";
			projectRoot = "";
			targets = (
				6CD7706427D39BA800196F54 /* NetflixClone */,
			);
		};
/* End PBXProject section */

/* Begin PBXResourcesBuildPhase section */
		6CD7706327D39BA800196F54 /* Resources */ = {
			isa = PBXResourcesBuildPhase;
			buildActionMask = 2147483647;
			files = (
				6CD7707527D39BA900196F54 /* LaunchScreen.storyboard in Resources */,
				6CD7707227D39BA900196F54 /* Assets.xcassets in Resources */,
			);
			runOnlyForDeploymentPostprocessing = 0;
		};
/* End PBXResourcesBuildPhase section */

/* Begin PBXSourcesBuildPhase section */
		6CD7706127D39BA800196F54 /* Sources */ = {
			isa = PBXSourcesBuildPhase;
			buildActionMask = 2147483647;
			files = (
				6CD7708227D39ECF00196F54 /* SearchViewController.swift in Sources */,
				6CA4199327E53EAE00B130F1 /* TitleCollectionViewCell.swift in Sources */,
				6CD7706D27D39BA800196F54 /* MainTabBarViewController.swift in Sources */,
				6CD7708B27D3CE5D00196F54 /* CollectionViewTableViewCell.swift in Sources */,
				6CA4198B27E4B98100B130F1 /* APICaller.swift in Sources */,
				6CD7708D27D3FB3D00196F54 /* HeroHeaderUIView.swift in Sources */,
				6CD7708427D39EEC00196F54 /* DownloadsViewController.swift in Sources */,
				6CD7706927D39BA800196F54 /* AppDelegate.swift in Sources */,
				6CA4198F27E51D0B00B130F1 /* Extensions.swift in Sources */,
				6CD7706B27D39BA800196F54 /* SceneDelegate.swift in Sources */,
				6CD7708027D39E9900196F54 /* UpcomingViewController.swift in Sources */,
				6CA4198D27E4D2A400B130F1 /* Movie.swift in Sources */,
				6CD7707E27D39E6E00196F54 /* HomeViewController.swift in Sources */,
			);
			runOnlyForDeploymentPostprocessing = 0;
		};
/* End PBXSourcesBuildPhase section */

/* Begin PBXVariantGroup section */
		6CD7707327D39BA900196F54 /* LaunchScreen.storyboard */ = {
			isa = PBXVariantGroup;
			children = (
				6CD7707427D39BA900196F54 /* Base */,
			);
			name = LaunchScreen.storyboard;
			sourceTree = "<group>";
		};
/* End PBXVariantGroup section */

/* Begin XCBuildConfiguration section */
		6CD7707727D39BA900196F54 /* Debug */ = {
			isa = XCBuildConfiguration;
			buildSettings = {
				ALWAYS_SEARCH_USER_PATHS = NO;
				CLANG_ANALYZER_NONNULL = YES;
				CLANG_ANALYZER_NUMBER_OBJECT_CONVERSION = YES_AGGRESSIVE;
				CLANG_CXX_LANGUAGE_STANDARD = "gnu++17";
				CLANG_CXX_LIBRARY = "libc++";
				CLANG_ENABLE_MODULES = YES;
				CLANG_ENABLE_OBJC_ARC = YES;
				CLANG_ENABLE_OBJC_WEAK = YES;
				CLANG_WARN_BLOCK_CAPTURE_AUTORELEASING = YES;
				CLANG_WARN_BOOL_CONVERSION = YES;
				CLANG_WARN_COMMA = YES;
				CLANG_WARN_CONSTANT_CONVERSION = YES;
				CLANG_WARN_DEPRECATED_OBJC_IMPLEMENTATIONS = YES;
				CLANG_WARN_DIRECT_OBJC_ISA_USAGE = YES_ERROR;
				CLANG_WARN_DOCUMENTATION_COMMENTS = YES;
				CLANG_WARN_EMPTY_BODY = YES;
				CLANG_WARN_ENUM_CONVERSION = YES;
				CLANG_WARN_INFINITE_RECURSION = YES;
				CLANG_WARN_INT_CONVERSION = YES;
				CLANG_WARN_NON_LITERAL_NULL_CONVERSION = YES;
				CLANG_WARN_OBJC_IMPLICIT_RETAIN_SELF = YES;
				CLANG_WARN_OBJC_LITERAL_CONVERSION = YES;
				CLANG_WARN_OBJC_ROOT_CLASS = YES_ERROR;
				CLANG_WARN_QUOTED_INCLUDE_IN_FRAMEWORK_HEADER = YES;
				CLANG_WARN_RANGE_LOOP_ANALYSIS = YES;
				CLANG_WARN_STRICT_PROTOTYPES = YES;
				CLANG_WARN_SUSPICIOUS_MOVE = YES;
				CLANG_WARN_UNGUARDED_AVAILABILITY = YES_AGGRESSIVE;
				CLANG_WARN_UNREACHABLE_CODE = YES;
				CLANG_WARN__DUPLICATE_METHOD_MATCH = YES;
				COPY_PHASE_STRIP = NO;
				DEBUG_INFORMATION_FORMAT = dwarf;
				ENABLE_STRICT_OBJC_MSGSEND = YES;
				ENABLE_TESTABILITY = YES;
				GCC_C_LANGUAGE_STANDARD = gnu11;
				GCC_DYNAMIC_NO_PIC = NO;
				GCC_NO_COMMON_BLOCKS = YES;
				GCC_OPTIMIZATION_LEVEL = 0;
				GCC_PREPROCESSOR_DEFINITIONS = (
					"DEBUG=1",
					"$(inherited)",
				);
				GCC_WARN_64_TO_32_BIT_CONVERSION = YES;
				GCC_WARN_ABOUT_RETURN_TYPE = YES_ERROR;
				GCC_WARN_UNDECLARED_SELECTOR = YES;
				GCC_WARN_UNINITIALIZED_AUTOS = YES_AGGRESSIVE;
				GCC_WARN_UNUSED_FUNCTION = YES;
				GCC_WARN_UNUSED_VARIABLE = YES;
				IPHONEOS_DEPLOYMENT_TARGET = 15.2;
				MTL_ENABLE_DEBUG_INFO = INCLUDE_SOURCE;
				MTL_FAST_MATH = YES;
				ONLY_ACTIVE_ARCH = YES;
				SDKROOT = iphoneos;
				SWIFT_ACTIVE_COMPILATION_CONDITIONS = DEBUG;
				SWIFT_OPTIMIZATION_LEVEL = "-Onone";
			};
			name = Debug;
		};
		6CD7707827D39BA900196F54 /* Release */ = {
			isa = XCBuildConfiguration;
			buildSettings = {
				ALWAYS_SEARCH_USER_PATHS = NO;
				CLANG_ANALYZER_NONNULL = YES;
				CLANG_ANALYZER_NUMBER_OBJECT_CONVERSION = YES_AGGRESSIVE;
				CLANG_CXX_LANGUAGE_STANDARD = "gnu++17";
				CLANG_CXX_LIBRARY = "libc++";
				CLANG_ENABLE_MODULES = YES;
				CLANG_ENABLE_OBJC_ARC = YES;
				CLANG_ENABLE_OBJC_WEAK = YES;
				CLANG_WARN_BLOCK_CAPTURE_AUTORELEASING = YES;
				CLANG_WARN_BOOL_CONVERSION = YES;
				CLANG_WARN_COMMA = YES;
				CLANG_WARN_CONSTANT_CONVERSION = YES;
				CLANG_WARN_DEPRECATED_OBJC_IMPLEMENTATIONS = YES;
				CLANG_WARN_DIRECT_OBJC_ISA_USAGE = YES_ERROR;
				CLANG_WARN_DOCUMENTATION_COMMENTS = YES;
				CLANG_WARN_EMPTY_BODY = YES;
				CLANG_WARN_ENUM_CONVERSION = YES;
				CLANG_WARN_INFINITE_RECURSION = YES;
				CLANG_WARN_INT_CONVERSION = YES;
				CLANG_WARN_NON_LITERAL_NULL_CONVERSION = YES;
				CLANG_WARN_OBJC_IMPLICIT_RETAIN_SELF = YES;
				CLANG_WARN_OBJC_LITERAL_CONVERSION = YES;
				CLANG_WARN_OBJC_ROOT_CLASS = YES_ERROR;
				CLANG_WARN_QUOTED_INCLUDE_IN_FRAMEWORK_HEADER = YES;
				CLANG_WARN_RANGE_LOOP_ANALYSIS = YES;
				CLANG_WARN_STRICT_PROTOTYPES = YES;
				CLANG_WARN_SUSPICIOUS_MOVE = YES;
				CLANG_WARN_UNGUARDED_AVAILABILITY = YES_AGGRESSIVE;
				CLANG_WARN_UNREACHABLE_CODE = YES;
				CLANG_WARN__DUPLICATE_METHOD_MATCH = YES;
				COPY_PHASE_STRIP = NO;
				DEBUG_INFORMATION_FORMAT = "dwarf-with-dsym";
				ENABLE_NS_ASSERTIONS = NO;
				ENABLE_STRICT_OBJC_MSGSEND = YES;
				GCC_C_LANGUAGE_STANDARD = gnu11;
				GCC_NO_COMMON_BLOCKS = YES;
				GCC_WARN_64_TO_32_BIT_CONVERSION = YES;
				GCC_WARN_ABOUT_RETURN_TYPE = YES_ERROR;
				GCC_WARN_UNDECLARED_SELECTOR = YES;
				GCC_WARN_UNINITIALIZED_AUTOS = YES_AGGRESSIVE;
				GCC_WARN_UNUSED_FUNCTION = YES;
				GCC_WARN_UNUSED_VARIABLE = YES;
				IPHONEOS_DEPLOYMENT_TARGET = 15.2;
				MTL_ENABLE_DEBUG_INFO = NO;
				MTL_FAST_MATH = YES;
				SDKROOT = iphoneos;
				SWIFT_COMPILATION_MODE = wholemodule;
				SWIFT_OPTIMIZATION_LEVEL = "-O";
				VALIDATE_PRODUCT = YES;
			};
			name = Release;
		};
		6CD7707A27D39BA900196F54 /* Debug */ = {
			isa = XCBuildConfiguration;
			buildSettings = {
				ASSETCATALOG_COMPILER_APPICON_NAME = AppIcon;
				ASSETCATALOG_COMPILER_GLOBAL_ACCENT_COLOR_NAME = AccentColor;
				CODE_SIGN_STYLE = Automatic;
				CURRENT_PROJECT_VERSION = 1;
				GENERATE_INFOPLIST_FILE = YES;
				INFOPLIST_FILE = NetflixClone/Info.plist;
				INFOPLIST_KEY_UIApplicationSupportsIndirectInputEvents = YES;
				INFOPLIST_KEY_UILaunchStoryboardName = LaunchScreen;
				INFOPLIST_KEY_UISupportedInterfaceOrientations_iPad = "UIInterfaceOrientationPortrait UIInterfaceOrientationPortraitUpsideDown UIInterfaceOrientationLandscapeLeft UIInterfaceOrientationLandscapeRight";
				INFOPLIST_KEY_UISupportedInterfaceOrientations_iPhone = "UIInterfaceOrientationPortrait UIInterfaceOrientationLandscapeLeft UIInterfaceOrientationLandscapeRight";
				LD_RUNPATH_SEARCH_PATHS = (
					"$(inherited)",
					"@executable_path/Frameworks",
				);
				MARKETING_VERSION = 1.0;
				PRODUCT_BUNDLE_IDENTIFIER = DemirDereli.NetflixClone;
				PRODUCT_NAME = "$(TARGET_NAME)";
				SWIFT_EMIT_LOC_STRINGS = YES;
				SWIFT_VERSION = 5.0;
				TARGETED_DEVICE_FAMILY = "1,2";
			};
			name = Debug;
		};
		6CD7707B27D39BA900196F54 /* Release */ = {
			isa = XCBuildConfiguration;
			buildSettings = {
				ASSETCATALOG_COMPILER_APPICON_NAME = AppIcon;
				ASSETCATALOG_COMPILER_GLOBAL_ACCENT_COLOR_NAME = AccentColor;
				CODE_SIGN_STYLE = Automatic;
				CURRENT_PROJECT_VERSION = 1;
				GENERATE_INFOPLIST_FILE = YES;
				INFOPLIST_FILE = NetflixClone/Info.plist;
				INFOPLIST_KEY_UIApplicationSupportsIndirectInputEvents = YES;
				INFOPLIST_KEY_UILaunchStoryboardName = LaunchScreen;
				INFOPLIST_KEY_UISupportedInterfaceOrientations_iPad = "UIInterfaceOrientationPortrait UIInterfaceOrientationPortraitUpsideDown UIInterfaceOrientationLandscapeLeft UIInterfaceOrientationLandscapeRight";
				INFOPLIST_KEY_UISupportedInterfaceOrientations_iPhone = "UIInterfaceOrientationPortrait UIInterfaceOrientationLandscapeLeft UIInterfaceOrientationLandscapeRight";
				LD_RUNPATH_SEARCH_PATHS = (
					"$(inherited)",
					"@executable_path/Frameworks",
				);
				MARKETING_VERSION = 1.0;
				PRODUCT_BUNDLE_IDENTIFIER = DemirDereli.NetflixClone;
				PRODUCT_NAME = "$(TARGET_NAME)";
				SWIFT_EMIT_LOC_STRINGS = YES;
				SWIFT_VERSION = 5.0;
				TARGETED_DEVICE_FAMILY = "1,2";
			};
			name = Release;
		};
/* End XCBuildConfiguration section */

/* Begin XCConfigurationList section */
		6CD7706027D39BA800196F54 /* Build configuration list for PBXProject "NetflixClone" */ = {
			isa = XCConfigurationList;
			buildConfigurations = (
				6CD7707727D39BA900196F54 /* Debug */,
				6CD7707827D39BA900196F54 /* Release */,
			);
			defaultConfigurationIsVisible = 0;
			defaultConfigurationName = Release;
		};
		6CD7707927D39BA900196F54 /* Build configuration list for PBXNativeTarget "NetflixClone" */ = {
			isa = XCConfigurationList;
			buildConfigurations = (
				6CD7707A27D39BA900196F54 /* Debug */,
				6CD7707B27D39BA900196F54 /* Release */,
			);
			defaultConfigurationIsVisible = 0;
			defaultConfigurationName = Release;
		};
/* End XCConfigurationList section */

/* Begin XCRemoteSwiftPackageReference section */
		6CA4199427E5403300B130F1 /* XCRemoteSwiftPackageReference "SDWebImage" */ = {
			isa = XCRemoteSwiftPackageReference;
			repositoryURL = "https://github.com/SDWebImage/SDWebImage.git";
			requirement = {
				branch = master;
				kind = branch;
			};
		};
/* End XCRemoteSwiftPackageReference section */

/* Begin XCSwiftPackageProductDependency section */
		6CA4199527E5403300B130F1 /* SDWebImage */ = {
			isa = XCSwiftPackageProductDependency;
			package = 6CA4199427E5403300B130F1 /* XCRemoteSwiftPackageReference "SDWebImage" */;
			productName = SDWebImage;
		};
		6CA4199727E5403300B130F1 /* SDWebImageMapKit */ = {
			isa = XCSwiftPackageProductDependency;
			package = 6CA4199427E5403300B130F1 /* XCRemoteSwiftPackageReference "SDWebImage" */;
			productName = SDWebImageMapKit;
		};
/* End XCSwiftPackageProductDependency section */
	};
	rootObject = 6CD7705D27D39BA800196F54 /* Project object */;
}
